{
  "name": "meal-planner-cli",
  "version": "0.9.0",
  "lockfileVersion": 3,
  "requires": true,
  "packages": {
    "": {
      "name": "meal-planner-cli",
      "version": "0.9.0",
      "license": "ISC",
      "dependencies": {
        "commander": "^12.1.0"
      },
      "bin": {
        "mealplan": "dist/index.js"
      },
      "devDependencies": {
        "@types/node": "^20.14.10",
        "why-is-node-running": "^3.2.0"
      }
    },
    "node_modules/@types/node": {
      "version": "20.14.10",
      "resolved": "https://registry.npmjs.org/@types/node/-/node-20.14.10.tgz",
      "integrity": "sha512-MdiXf+nDuMvY0gJKxyfZ7/6UFsETO7mGKF54MVD/ekJS6HdFtpZFBgrh6Pseu64XTb2MLyFPlbW6hj8HYRQNOQ==",
      "dev": true,
      "dependencies": {
        "undici-types": "~5.26.4"
      }
    },
    "node_modules/commander": {
      "version": "12.1.0",
      "resolved": "https://registry.npmjs.org/commander/-/commander-12.1.0.tgz",
      "integrity": "sha512-Vw8qHK3bZM9y/P10u3Vib8o/DdkvA2OtPtZvD871QKjy74Wj1WSKFILMPRPSdUSx5RFK1arlJzEtA4PkFgnbuA==",
      "engines": {
        "node": ">=18"
      }
    },
    "node_modules/undici-types": {
      "version": "5.26.5",
      "resolved": "https://registry.npmjs.org/undici-types/-/undici-types-5.26.5.tgz",
      "integrity": "sha512-JlCMO+ehdEIKqlFxk6IfVoAUVmgz7cU7zD/h9XZ0qzeosSHmUJVOzSQvvYSYWXkFXC+IfLKSIffhv0sVZup6pA==",
      "dev": true
    },
    "node_modules/why-is-node-running": {
      "version": "3.2.0",
      "resolved": "https://registry.npmjs.org/why-is-node-running/-/why-is-node-running-3.2.0.tgz",
      "integrity": "sha512-euOPfZRxdZBcD/vL0sH+NtuC/nDpdsZ/aeoq9w5sOcQtfkmhztf/JS76IiD0CJEULlSAPSMy/ZLejex5MsFCcw==",
      "dev": true,
      "bin": {
        "why-is-node-running": "cli.js"
      },
      "engines": {
        "node": ">=20.11"
      }
    }
  }
}
